
Microsoft Visual Studio Solution File, Format Version 12.00
# Visual Studio 15
VisualStudioVersion = 15.0.28307.1972
MinimumVisualStudioVersion = 10.0.40219.1
Project("{FAE04EC0-301F-11D3-BF4B-00C04F79EFBC}") = "ContosoSite", "ContosoSite\ContosoSite.csproj", "{DC4C4715-C3A7-4F92-93DC-B00248EEF326}"
EndProject
Global
	GlobalSection(SolutionConfigurationPlatforms) = preSolution
		Debug|Any CPU = Debug|Any CPU
		Release|Any CPU = Release|Any CPU
	EndGlobalSection
	GlobalSection(ProjectConfigurationPlatforms) = postSolution
		{DC4C4715-C3A7-4F92-93DC-B00248EEF326}.Debug|Any CPU.ActiveCfg = Debug|Any CPU
		{DC4C4715-C3A7-4F92-93DC-B00248EEF326}.Debug|Any CPU.Build.0 = Debug|Any CPU
		{DC4C4715-C3A7-4F92-93DC-B00248EEF326}.Release|Any CPU.ActiveCfg = Release|Any CPU
		{DC4C4715-C3A7-4F92-93DC-B00248EEF326}.Release|Any CPU.Build.0 = Release|Any CPU
	EndGlobalSection
	GlobalSection(SolutionProperties) = preSolution
		HideSolutionNode = FALSE
	EndGlobalSection
	GlobalSection(ExtensibilityGlobals) = postSolution
		SolutionGuid = {13B9B5B2-CB9D-4746-BF83-B9E9D865DE60}
	EndGlobalSection
EndGlobal
