
Microsoft Visual Studio Solution File, Format Version 12.00
# Visual Studio 15
VisualStudioVersion = 15.0.28307.1972
MinimumVisualStudioVersion = 10.0.40219.1
Project("{FAE04EC0-301F-11D3-BF4B-00C04F79EFBC}") = "ContosoSite", "ContosoSite\ContosoSite.csproj", "{DC4C4715-C3A7-4F92-93DC-B00248EEF326}"
EndProject
Project("{FAE04EC0-301F-11D3-BF4B-00C04F79EFBC}") = "ContosoSite.Tests", "ContosoSite.Tests\ContosoSite.Tests.csproj", "{33CEDFA6-086A-4C96-BE5F-828EFE9DB7E9}"
EndProject
Global
	GlobalSection(SolutionConfigurationPlatforms) = preSolution
		Debug|Any CPU = Debug|Any CPU
		Debug|ARM = Debug|ARM
		Debug|ARM64 = Debug|ARM64
		Debug|x64 = Debug|x64
		Debug|x86 = Debug|x86
		Release|Any CPU = Release|Any CPU
		Release|ARM = Release|ARM
		Release|ARM64 = Release|ARM64
		Release|x64 = Release|x64
		Release|x86 = Release|x86
	EndGlobalSection
	GlobalSection(ProjectConfigurationPlatforms) = postSolution
		{DC4C4715-C3A7-4F92-93DC-B00248EEF326}.Debug|Any CPU.ActiveCfg = Debug|Any CPU
		{DC4C4715-C3A7-4F92-93DC-B00248EEF326}.Debug|Any CPU.Build.0 = Debug|Any CPU
		{DC4C4715-C3A7-4F92-93DC-B00248EEF326}.Debug|ARM.ActiveCfg = Debug|Any CPU
		{DC4C4715-C3A7-4F92-93DC-B00248EEF326}.Debug|ARM.Build.0 = Debug|Any CPU
		{DC4C4715-C3A7-4F92-93DC-B00248EEF326}.Debug|ARM64.ActiveCfg = Debug|Any CPU
		{DC4C4715-C3A7-4F92-93DC-B00248EEF326}.Debug|ARM64.Build.0 = Debug|Any CPU
		{DC4C4715-C3A7-4F92-93DC-B00248EEF326}.Debug|x64.ActiveCfg = Debug|Any CPU
		{DC4C4715-C3A7-4F92-93DC-B00248EEF326}.Debug|x64.Build.0 = Debug|Any CPU
		{DC4C4715-C3A7-4F92-93DC-B00248EEF326}.Debug|x86.ActiveCfg = Debug|Any CPU
		{DC4C4715-C3A7-4F92-93DC-B00248EEF326}.Debug|x86.Build.0 = Debug|Any CPU
		{DC4C4715-C3A7-4F92-93DC-B00248EEF326}.Release|Any CPU.ActiveCfg = Release|Any CPU
		{DC4C4715-C3A7-4F92-93DC-B00248EEF326}.Release|Any CPU.Build.0 = Release|Any CPU
		{DC4C4715-C3A7-4F92-93DC-B00248EEF326}.Release|ARM.ActiveCfg = Release|Any CPU
		{DC4C4715-C3A7-4F92-93DC-B00248EEF326}.Release|ARM.Build.0 = Release|Any CPU
		{DC4C4715-C3A7-4F92-93DC-B00248EEF326}.Release|ARM64.ActiveCfg = Release|Any CPU
		{DC4C4715-C3A7-4F92-93DC-B00248EEF326}.Release|ARM64.Build.0 = Release|Any CPU
		{DC4C4715-C3A7-4F92-93DC-B00248EEF326}.Release|x64.ActiveCfg = Release|Any CPU
		{DC4C4715-C3A7-4F92-93DC-B00248EEF326}.Release|x64.Build.0 = Release|Any CPU
		{DC4C4715-C3A7-4F92-93DC-B00248EEF326}.Release|x86.ActiveCfg = Release|Any CPU
		{DC4C4715-C3A7-4F92-93DC-B00248EEF326}.Release|x86.Build.0 = Release|Any CPU
		{33CEDFA6-086A-4C96-BE5F-828EFE9DB7E9}.Debug|Any CPU.ActiveCfg = Debug|Any CPU
		{33CEDFA6-086A-4C96-BE5F-828EFE9DB7E9}.Debug|Any CPU.Build.0 = Debug|Any CPU
		{33CEDFA6-086A-4C96-BE5F-828EFE9DB7E9}.Debug|ARM.ActiveCfg = Debug|Any CPU
		{33CEDFA6-086A-4C96-BE5F-828EFE9DB7E9}.Debug|ARM.Build.0 = Debug|Any CPU
		{33CEDFA6-086A-4C96-BE5F-828EFE9DB7E9}.Debug|ARM64.ActiveCfg = Debug|Any CPU
		{33CEDFA6-086A-4C96-BE5F-828EFE9DB7E9}.Debug|ARM64.Build.0 = Debug|Any CPU
		{33CEDFA6-086A-4C96-BE5F-828EFE9DB7E9}.Debug|x64.ActiveCfg = Debug|Any CPU
		{33CEDFA6-086A-4C96-BE5F-828EFE9DB7E9}.Debug|x64.Build.0 = Debug|Any CPU
		{33CEDFA6-086A-4C96-BE5F-828EFE9DB7E9}.Debug|x86.ActiveCfg = Debug|Any CPU
		{33CEDFA6-086A-4C96-BE5F-828EFE9DB7E9}.Debug|x86.Build.0 = Debug|Any CPU
		{33CEDFA6-086A-4C96-BE5F-828EFE9DB7E9}.Release|Any CPU.ActiveCfg = Release|Any CPU
		{33CEDFA6-086A-4C96-BE5F-828EFE9DB7E9}.Release|Any CPU.Build.0 = Release|Any CPU
		{33CEDFA6-086A-4C96-BE5F-828EFE9DB7E9}.Release|ARM.ActiveCfg = Release|Any CPU
		{33CEDFA6-086A-4C96-BE5F-828EFE9DB7E9}.Release|ARM.Build.0 = Release|Any CPU
		{33CEDFA6-086A-4C96-BE5F-828EFE9DB7E9}.Release|ARM64.ActiveCfg = Release|Any CPU
		{33CEDFA6-086A-4C96-BE5F-828EFE9DB7E9}.Release|ARM64.Build.0 = Release|Any CPU
		{33CEDFA6-086A-4C96-BE5F-828EFE9DB7E9}.Release|x64.ActiveCfg = Release|Any CPU
		{33CEDFA6-086A-4C96-BE5F-828EFE9DB7E9}.Release|x64.Build.0 = Release|Any CPU
		{33CEDFA6-086A-4C96-BE5F-828EFE9DB7E9}.Release|x86.ActiveCfg = Release|Any CPU
		{33CEDFA6-086A-4C96-BE5F-828EFE9DB7E9}.Release|x86.Build.0 = Release|Any CPU
	EndGlobalSection
	GlobalSection(SolutionProperties) = preSolution
		HideSolutionNode = FALSE
	EndGlobalSection
	GlobalSection(ExtensibilityGlobals) = postSolution
		SolutionGuid = {13B9B5B2-CB9D-4746-BF83-B9E9D865DE60}
	EndGlobalSection
EndGlobal
